
Microsoft Visual Studio Solution File, Format Version 12.00
# Visual Studio Version 17
VisualStudioVersion = 17.2.32505.173
MinimumVisualStudioVersion = 10.0.40219.1
Project("{FAE04EC0-301F-11D3-BF4B-00C04F79EFBC}") = "ApiClase2", "ApiClase2\ApiClase2.csproj", "{06A2A4AE-1931-4EFB-86F2-94FAF7F79446}"
EndProject
Global
	GlobalSection(SolutionConfigurationPlatforms) = preSolution
		Debug|Any CPU = Debug|Any CPU
		Release|Any CPU = Release|Any CPU
	EndGlobalSection
	GlobalSection(ProjectConfigurationPlatforms) = postSolution
		{06A2A4AE-1931-4EFB-86F2-94FAF7F79446}.Debug|Any CPU.ActiveCfg = Debug|Any CPU
		{06A2A4AE-1931-4EFB-86F2-94FAF7F79446}.Debug|Any CPU.Build.0 = Debug|Any CPU
		{06A2A4AE-1931-4EFB-86F2-94FAF7F79446}.Release|Any CPU.ActiveCfg = Release|Any CPU
		{06A2A4AE-1931-4EFB-86F2-94FAF7F79446}.Release|Any CPU.Build.0 = Release|Any CPU
	EndGlobalSection
	GlobalSection(SolutionProperties) = preSolution
		HideSolutionNode = FALSE
	EndGlobalSection
	GlobalSection(ExtensibilityGlobals) = postSolution
		SolutionGuid = {ABAE5B7C-0E35-4E8A-ABC7-B44348694F21}
	EndGlobalSection
EndGlobal
